
Microsoft Visual Studio Solution File, Format Version 12.00
# Visual Studio Version 17
VisualStudioVersion = 17.10.34928.147
MinimumVisualStudioVersion = 10.0.40219.1
Project("{FAE04EC0-301F-11D3-BF4B-00C04F79EFBC}") = "Test", "Test.csproj", "{6AA24E8A-AC78-4FED-B2E9-69F562158136}"
EndProject
Global
	GlobalSection(SolutionConfigurationPlatforms) = preSolution
		Debug|Any CPU = Debug|Any CPU
		Release|Any CPU = Release|Any CPU
	EndGlobalSection
	GlobalSection(ProjectConfigurationPlatforms) = postSolution
		{6AA24E8A-AC78-4FED-B2E9-69F562158136}.Debug|Any CPU.ActiveCfg = Debug|Any CPU
		{6AA24E8A-AC78-4FED-B2E9-69F562158136}.Debug|Any CPU.Build.0 = Debug|Any CPU
		{6AA24E8A-AC78-4FED-B2E9-69F562158136}.Release|Any CPU.ActiveCfg = Release|Any CPU
		{6AA24E8A-AC78-4FED-B2E9-69F562158136}.Release|Any CPU.Build.0 = Release|Any CPU
	EndGlobalSection
	GlobalSection(SolutionProperties) = preSolution
		HideSolutionNode = FALSE
	EndGlobalSection
	GlobalSection(ExtensibilityGlobals) = postSolution
		SolutionGuid = {260E4F80-BEC6-41EE-B34D-AC49376944A1}
	EndGlobalSection
EndGlobal
